// !$*UTF8*$!
{
	archiveVersion = 1;
	classes = {
	};
	objectVersion = 56;
	objects = {

/* Begin PBXBuildFile section */
		2508BB5B2C6A22D30016A78E /* CategoryFilterView.swift in Sources */ = {isa = PBXBuildFile; fileRef = 2508BB5A2C6A22D30016A78E /* CategoryFilterView.swift */; };
		2508BB5D2C6A25C00016A78E /* FilterCategory.swift in Sources */ = {isa = PBXBuildFile; fileRef = 2508BB5C2C6A25C00016A78E /* FilterCategory.swift */; };
		2508BB602C6A49CB0016A78E /* ColorScheme.swift in Sources */ = {isa = PBXBuildFile; fileRef = 2508BB5F2C6A49CB0016A78E /* ColorScheme.swift */; };
		2512B1F32C55811B0037ADD1 /* HomeView.swift in Sources */ = {isa = PBXBuildFile; fileRef = 2512B1F22C55811B0037ADD1 /* HomeView.swift */; };
		2512B1F62C558C500037ADD1 /* NewsResponse.swift in Sources */ = {isa = PBXBuildFile; fileRef = 2512B1F52C558C500037ADD1 /* NewsResponse.swift */; };
		2512B1FC2C5591060037ADD1 /* APIError.swift in Sources */ = {isa = PBXBuildFile; fileRef = 2512B1FB2C5591060037ADD1 /* APIError.swift */; };
		2512B1FF2C5592D10037ADD1 /* NewsService.swift in Sources */ = {isa = PBXBuildFile; fileRef = 2512B1FE2C5592D10037ADD1 /* NewsService.swift */; };
		2512B2022C559A200037ADD1 /* ResultState.swift in Sources */ = {isa = PBXBuildFile; fileRef = 2512B2012C559A200037ADD1 /* ResultState.swift */; };
		2512B2052C567CC00037ADD1 /* NewsViewModel.swift in Sources */ = {isa = PBXBuildFile; fileRef = 2512B2042C567CC00037ADD1 /* NewsViewModel.swift */; };
		2512B2072C569BC60037ADD1 /* ArticleView.swift in Sources */ = {isa = PBXBuildFile; fileRef = 2512B2062C569BC60037ADD1 /* ArticleView.swift */; };
		2512B20A2C57F1FE0037ADD1 /* ErrorView.swift in Sources */ = {isa = PBXBuildFile; fileRef = 2512B2092C57F1FE0037ADD1 /* ErrorView.swift */; };
		251B5EE32C6F884200212B87 /* ArticleWebView.swift in Sources */ = {isa = PBXBuildFile; fileRef = 251B5EE22C6F884200212B87 /* ArticleWebView.swift */; };
		257810BE2C2EEA13001C7487 /* IOSAppApp.swift in Sources */ = {isa = PBXBuildFile; fileRef = 257810BD2C2EEA13001C7487 /* IOSAppApp.swift */; };
		257810C22C2EEA15001C7487 /* Assets.xcassets in Resources */ = {isa = PBXBuildFile; fileRef = 257810C12C2EEA15001C7487 /* Assets.xcassets */; };
		257810C52C2EEA15001C7487 /* Preview Assets.xcassets in Resources */ = {isa = PBXBuildFile; fileRef = 257810C42C2EEA15001C7487 /* Preview Assets.xcassets */; };
		257810CF2C2EEA15001C7487 /* IOSAppTests.swift in Sources */ = {isa = PBXBuildFile; fileRef = 257810CE2C2EEA15001C7487 /* IOSAppTests.swift */; };
		257810D92C2EEA15001C7487 /* IOSAppUITests.swift in Sources */ = {isa = PBXBuildFile; fileRef = 257810D82C2EEA15001C7487 /* IOSAppUITests.swift */; };
		257810DB2C2EEA15001C7487 /* IOSAppUITestsLaunchTests.swift in Sources */ = {isa = PBXBuildFile; fileRef = 257810DA2C2EEA15001C7487 /* IOSAppUITestsLaunchTests.swift */; };
		258BC6D72C664E660025C241 /* NewsEndpoint.swift in Sources */ = {isa = PBXBuildFile; fileRef = 258BC6D62C664E660025C241 /* NewsEndpoint.swift */; };
		25C5DAE82C736518009B2029 /* ArticleListView.swift in Sources */ = {isa = PBXBuildFile; fileRef = 25C5DAE72C736518009B2029 /* ArticleListView.swift */; };
		25C5DAEA2C74761A009B2029 /* HeadlineArticleView.swift in Sources */ = {isa = PBXBuildFile; fileRef = 25C5DAE92C74761A009B2029 /* HeadlineArticleView.swift */; };
		25C5DAEC2C749E5C009B2029 /* HeadlineTabView.swift in Sources */ = {isa = PBXBuildFile; fileRef = 25C5DAEB2C749E5C009B2029 /* HeadlineTabView.swift */; };
		268936252C5FC61B00ADAB5F /* DateUtils.swift in Sources */ = {isa = PBXBuildFile; fileRef = 268936242C5FC61B00ADAB5F /* DateUtils.swift */; };
		26E918802C6A4E3F0010AC76 /* URLImage in Frameworks */ = {isa = PBXBuildFile; productRef = 26E9187F2C6A4E3F0010AC76 /* URLImage */; };
		26E918822C6A4E3F0010AC76 /* URLImageStore in Frameworks */ = {isa = PBXBuildFile; productRef = 26E918812C6A4E3F0010AC76 /* URLImageStore */; };
		26F1FBC92C628F5500D4CF54 /* ArticleStorage.swift in Sources */ = {isa = PBXBuildFile; fileRef = 26F1FBC82C628F5500D4CF54 /* ArticleStorage.swift */; };
		26F1FBCF2C63C1E800D4CF54 /* Config.plist in Resources */ = {isa = PBXBuildFile; fileRef = 26F1FBCE2C63C1E800D4CF54 /* Config.plist */; };
		26F1FBE02C69612700D4CF54 /* ContentView.swift in Sources */ = {isa = PBXBuildFile; fileRef = 26F1FBDF2C69612700D4CF54 /* ContentView.swift */; };
		26F1FBE22C69619000D4CF54 /* SearchView.swift in Sources */ = {isa = PBXBuildFile; fileRef = 26F1FBE12C69619000D4CF54 /* SearchView.swift */; };
		26F1FBE42C6961AD00D4CF54 /* MyPageView.swift in Sources */ = {isa = PBXBuildFile; fileRef = 26F1FBE32C6961AD00D4CF54 /* MyPageView.swift */; };
		26F1FBE62C6961D200D4CF54 /* SettingsView.swift in Sources */ = {isa = PBXBuildFile; fileRef = 26F1FBE52C6961D200D4CF54 /* SettingsView.swift */; };
/* End PBXBuildFile section */

/* Begin PBXContainerItemProxy section */
		257810CB2C2EEA15001C7487 /* PBXContainerItemProxy */ = {
			isa = PBXContainerItemProxy;
			containerPortal = 257810B22C2EEA13001C7487 /* Project object */;
			proxyType = 1;
			remoteGlobalIDString = 257810B92C2EEA13001C7487;
			remoteInfo = IOSApp;
		};
		257810D52C2EEA15001C7487 /* PBXContainerItemProxy */ = {
			isa = PBXContainerItemProxy;
			containerPortal = 257810B22C2EEA13001C7487 /* Project object */;
			proxyType = 1;
			remoteGlobalIDString = 257810B92C2EEA13001C7487;
			remoteInfo = IOSApp;
		};
/* End PBXContainerItemProxy section */

/* Begin PBXFileReference section */
		2508BB5A2C6A22D30016A78E /* CategoryFilterView.swift */ = {isa = PBXFileReference; lastKnownFileType = sourcecode.swift; path = CategoryFilterView.swift; sourceTree = "<group>"; };
		2508BB5C2C6A25C00016A78E /* FilterCategory.swift */ = {isa = PBXFileReference; lastKnownFileType = sourcecode.swift; path = FilterCategory.swift; sourceTree = "<group>"; };
		2508BB5F2C6A49CB0016A78E /* ColorScheme.swift */ = {isa = PBXFileReference; lastKnownFileType = sourcecode.swift; path = ColorScheme.swift; sourceTree = "<group>"; };
		2512B1F22C55811B0037ADD1 /* HomeView.swift */ = {isa = PBXFileReference; lastKnownFileType = sourcecode.swift; path = HomeView.swift; sourceTree = "<group>"; };
		2512B1F52C558C500037ADD1 /* NewsResponse.swift */ = {isa = PBXFileReference; lastKnownFileType = sourcecode.swift; path = NewsResponse.swift; sourceTree = "<group>"; };
		2512B1FB2C5591060037ADD1 /* APIError.swift */ = {isa = PBXFileReference; lastKnownFileType = sourcecode.swift; path = APIError.swift; sourceTree = "<group>"; };
		2512B1FE2C5592D10037ADD1 /* NewsService.swift */ = {isa = PBXFileReference; lastKnownFileType = sourcecode.swift; path = NewsService.swift; sourceTree = "<group>"; };
		2512B2012C559A200037ADD1 /* ResultState.swift */ = {isa = PBXFileReference; lastKnownFileType = sourcecode.swift; path = ResultState.swift; sourceTree = "<group>"; };
		2512B2042C567CC00037ADD1 /* NewsViewModel.swift */ = {isa = PBXFileReference; lastKnownFileType = sourcecode.swift; path = NewsViewModel.swift; sourceTree = "<group>"; };
		2512B2062C569BC60037ADD1 /* ArticleView.swift */ = {isa = PBXFileReference; lastKnownFileType = sourcecode.swift; path = ArticleView.swift; sourceTree = "<group>"; };
		2512B2092C57F1FE0037ADD1 /* ErrorView.swift */ = {isa = PBXFileReference; lastKnownFileType = sourcecode.swift; path = ErrorView.swift; sourceTree = "<group>"; };
		251B5EE22C6F884200212B87 /* ArticleWebView.swift */ = {isa = PBXFileReference; lastKnownFileType = sourcecode.swift; path = ArticleWebView.swift; sourceTree = "<group>"; };
		257810BA2C2EEA13001C7487 /* IOSApp.app */ = {isa = PBXFileReference; explicitFileType = wrapper.application; includeInIndex = 0; path = IOSApp.app; sourceTree = BUILT_PRODUCTS_DIR; };
		257810BD2C2EEA13001C7487 /* IOSAppApp.swift */ = {isa = PBXFileReference; lastKnownFileType = sourcecode.swift; path = IOSAppApp.swift; sourceTree = "<group>"; };
		257810C12C2EEA15001C7487 /* Assets.xcassets */ = {isa = PBXFileReference; lastKnownFileType = folder.assetcatalog; path = Assets.xcassets; sourceTree = "<group>"; };
		257810C42C2EEA15001C7487 /* Preview Assets.xcassets */ = {isa = PBXFileReference; lastKnownFileType = folder.assetcatalog; path = "Preview Assets.xcassets"; sourceTree = "<group>"; };
		257810CA2C2EEA15001C7487 /* IOSAppTests.xctest */ = {isa = PBXFileReference; explicitFileType = wrapper.cfbundle; includeInIndex = 0; path = IOSAppTests.xctest; sourceTree = BUILT_PRODUCTS_DIR; };
		257810CE2C2EEA15001C7487 /* IOSAppTests.swift */ = {isa = PBXFileReference; lastKnownFileType = sourcecode.swift; path = IOSAppTests.swift; sourceTree = "<group>"; };
		257810D42C2EEA15001C7487 /* IOSAppUITests.xctest */ = {isa = PBXFileReference; explicitFileType = wrapper.cfbundle; includeInIndex = 0; path = IOSAppUITests.xctest; sourceTree = BUILT_PRODUCTS_DIR; };
		257810D82C2EEA15001C7487 /* IOSAppUITests.swift */ = {isa = PBXFileReference; lastKnownFileType = sourcecode.swift; path = IOSAppUITests.swift; sourceTree = "<group>"; };
		257810DA2C2EEA15001C7487 /* IOSAppUITestsLaunchTests.swift */ = {isa = PBXFileReference; lastKnownFileType = sourcecode.swift; path = IOSAppUITestsLaunchTests.swift; sourceTree = "<group>"; };
		258BC6D62C664E660025C241 /* NewsEndpoint.swift */ = {isa = PBXFileReference; lastKnownFileType = sourcecode.swift; path = NewsEndpoint.swift; sourceTree = "<group>"; };
		25C5DAE72C736518009B2029 /* ArticleListView.swift */ = {isa = PBXFileReference; lastKnownFileType = sourcecode.swift; path = ArticleListView.swift; sourceTree = "<group>"; };
		25C5DAE92C74761A009B2029 /* HeadlineArticleView.swift */ = {isa = PBXFileReference; lastKnownFileType = sourcecode.swift; path = HeadlineArticleView.swift; sourceTree = "<group>"; };
		25C5DAEB2C749E5C009B2029 /* HeadlineTabView.swift */ = {isa = PBXFileReference; lastKnownFileType = sourcecode.swift; path = HeadlineTabView.swift; sourceTree = "<group>"; };
		268936242C5FC61B00ADAB5F /* DateUtils.swift */ = {isa = PBXFileReference; lastKnownFileType = sourcecode.swift; path = DateUtils.swift; sourceTree = "<group>"; };
		26F1FBC82C628F5500D4CF54 /* ArticleStorage.swift */ = {isa = PBXFileReference; lastKnownFileType = sourcecode.swift; path = ArticleStorage.swift; sourceTree = "<group>"; };
		26F1FBCE2C63C1E800D4CF54 /* Config.plist */ = {isa = PBXFileReference; lastKnownFileType = text.plist.xml; path = Config.plist; sourceTree = "<group>"; };
		26F1FBDF2C69612700D4CF54 /* ContentView.swift */ = {isa = PBXFileReference; lastKnownFileType = sourcecode.swift; path = ContentView.swift; sourceTree = "<group>"; };
		26F1FBE12C69619000D4CF54 /* SearchView.swift */ = {isa = PBXFileReference; lastKnownFileType = sourcecode.swift; path = SearchView.swift; sourceTree = "<group>"; };
		26F1FBE32C6961AD00D4CF54 /* MyPageView.swift */ = {isa = PBXFileReference; lastKnownFileType = sourcecode.swift; path = MyPageView.swift; sourceTree = "<group>"; };
		26F1FBE52C6961D200D4CF54 /* SettingsView.swift */ = {isa = PBXFileReference; lastKnownFileType = sourcecode.swift; path = SettingsView.swift; sourceTree = "<group>"; };
/* End PBXFileReference section */

/* Begin PBXFrameworksBuildPhase section */
		257810B72C2EEA13001C7487 /* Frameworks */ = {
			isa = PBXFrameworksBuildPhase;
			buildActionMask = 2147483647;
			files = (
				26E918822C6A4E3F0010AC76 /* URLImageStore in Frameworks */,
				26E918802C6A4E3F0010AC76 /* URLImage in Frameworks */,
			);
			runOnlyForDeploymentPostprocessing = 0;
		};
		257810C72C2EEA15001C7487 /* Frameworks */ = {
			isa = PBXFrameworksBuildPhase;
			buildActionMask = 2147483647;
			files = (
			);
			runOnlyForDeploymentPostprocessing = 0;
		};
		257810D12C2EEA15001C7487 /* Frameworks */ = {
			isa = PBXFrameworksBuildPhase;
			buildActionMask = 2147483647;
			files = (
			);
			runOnlyForDeploymentPostprocessing = 0;
		};
/* End PBXFrameworksBuildPhase section */

/* Begin PBXGroup section */
		2508BB5E2C6A49B60016A78E /* Themes */ = {
			isa = PBXGroup;
			children = (
				2508BB5F2C6A49CB0016A78E /* ColorScheme.swift */,
			);
			path = Themes;
			sourceTree = "<group>";
		};
		2512B1F12C5580EC0037ADD1 /* Views */ = {
			isa = PBXGroup;
			children = (
				2512B1F22C55811B0037ADD1 /* HomeView.swift */,
				2512B2062C569BC60037ADD1 /* ArticleView.swift */,
				2512B2092C57F1FE0037ADD1 /* ErrorView.swift */,
				26F1FBDF2C69612700D4CF54 /* ContentView.swift */,
				26F1FBE12C69619000D4CF54 /* SearchView.swift */,
				26F1FBE32C6961AD00D4CF54 /* MyPageView.swift */,
				26F1FBE52C6961D200D4CF54 /* SettingsView.swift */,
				2508BB5A2C6A22D30016A78E /* CategoryFilterView.swift */,
				251B5EE22C6F884200212B87 /* ArticleWebView.swift */,
				25C5DAE72C736518009B2029 /* ArticleListView.swift */,
				25C5DAE92C74761A009B2029 /* HeadlineArticleView.swift */,
				25C5DAEB2C749E5C009B2029 /* HeadlineTabView.swift */,
			);
			path = Views;
			sourceTree = "<group>";
		};
		2512B1F42C558C220037ADD1 /* Models */ = {
			isa = PBXGroup;
			children = (
				2512B1F52C558C500037ADD1 /* NewsResponse.swift */,
			);
			path = Models;
			sourceTree = "<group>";
		};
		2512B1F72C558DF60037ADD1 /* Endpoints */ = {
			isa = PBXGroup;
			children = (
				258BC6D62C664E660025C241 /* NewsEndpoint.swift */,
			);
			path = Endpoints;
			sourceTree = "<group>";
		};
		2512B1FA2C5590ED0037ADD1 /* Errors */ = {
			isa = PBXGroup;
			children = (
				2512B1FB2C5591060037ADD1 /* APIError.swift */,
			);
			path = Errors;
			sourceTree = "<group>";
		};
		2512B1FD2C5592BB0037ADD1 /* Services */ = {
			isa = PBXGroup;
			children = (
				2512B1FE2C5592D10037ADD1 /* NewsService.swift */,
				268936242C5FC61B00ADAB5F /* DateUtils.swift */,
				26F1FBC82C628F5500D4CF54 /* ArticleStorage.swift */,
			);
			path = Services;
			sourceTree = "<group>";
		};
		2512B2002C559A090037ADD1 /* States */ = {
			isa = PBXGroup;
			children = (
				2508BB5E2C6A49B60016A78E /* Themes */,
				2512B2032C567CA60037ADD1 /* ViewModels */,
			);
			path = States;
			sourceTree = "<group>";
		};
		2512B2032C567CA60037ADD1 /* ViewModels */ = {
			isa = PBXGroup;
			children = (
				2512B2042C567CC00037ADD1 /* NewsViewModel.swift */,
				2512B2012C559A200037ADD1 /* ResultState.swift */,
				2508BB5C2C6A25C00016A78E /* FilterCategory.swift */,
			);
			path = ViewModels;
			sourceTree = "<group>";
		};
		257810B12C2EEA13001C7487 = {
			isa = PBXGroup;
			children = (
				26F1FBCE2C63C1E800D4CF54 /* Config.plist */,
				257810BC2C2EEA13001C7487 /* IOSApp */,
				257810CD2C2EEA15001C7487 /* IOSAppTests */,
				257810D72C2EEA15001C7487 /* IOSAppUITests */,
				257810BB2C2EEA13001C7487 /* Products */,
			);
			sourceTree = "<group>";
		};
		257810BB2C2EEA13001C7487 /* Products */ = {
			isa = PBXGroup;
			children = (
				257810BA2C2EEA13001C7487 /* IOSApp.app */,
				257810CA2C2EEA15001C7487 /* IOSAppTests.xctest */,
				257810D42C2EEA15001C7487 /* IOSAppUITests.xctest */,
			);
			name = Products;
			sourceTree = "<group>";
		};
		257810BC2C2EEA13001C7487 /* IOSApp */ = {
			isa = PBXGroup;
			children = (
				2512B2002C559A090037ADD1 /* States */,
				2512B1FD2C5592BB0037ADD1 /* Services */,
				2512B1FA2C5590ED0037ADD1 /* Errors */,
				2512B1F72C558DF60037ADD1 /* Endpoints */,
				2512B1F42C558C220037ADD1 /* Models */,
				2512B1F12C5580EC0037ADD1 /* Views */,
				257810BD2C2EEA13001C7487 /* IOSAppApp.swift */,
				257810C12C2EEA15001C7487 /* Assets.xcassets */,
				257810C32C2EEA15001C7487 /* Preview Content */,
			);
			path = IOSApp;
			sourceTree = "<group>";
		};
		257810C32C2EEA15001C7487 /* Preview Content */ = {
			isa = PBXGroup;
			children = (
				257810C42C2EEA15001C7487 /* Preview Assets.xcassets */,
			);
			path = "Preview Content";
			sourceTree = "<group>";
		};
		257810CD2C2EEA15001C7487 /* IOSAppTests */ = {
			isa = PBXGroup;
			children = (
				257810CE2C2EEA15001C7487 /* IOSAppTests.swift */,
			);
			path = IOSAppTests;
			sourceTree = "<group>";
		};
		257810D72C2EEA15001C7487 /* IOSAppUITests */ = {
			isa = PBXGroup;
			children = (
				257810D82C2EEA15001C7487 /* IOSAppUITests.swift */,
				257810DA2C2EEA15001C7487 /* IOSAppUITestsLaunchTests.swift */,
			);
			path = IOSAppUITests;
			sourceTree = "<group>";
		};
/* End PBXGroup section */

/* Begin PBXNativeTarget section */
		257810B92C2EEA13001C7487 /* IOSApp */ = {
			isa = PBXNativeTarget;
			buildConfigurationList = 257810DE2C2EEA15001C7487 /* Build configuration list for PBXNativeTarget "IOSApp" */;
			buildPhases = (
				257810B62C2EEA13001C7487 /* Sources */,
				257810B72C2EEA13001C7487 /* Frameworks */,
				257810B82C2EEA13001C7487 /* Resources */,
			);
			buildRules = (
			);
			dependencies = (
			);
			name = IOSApp;
			packageProductDependencies = (
				26E9187F2C6A4E3F0010AC76 /* URLImage */,
				26E918812C6A4E3F0010AC76 /* URLImageStore */,
			);
			productName = IOSApp;
			productReference = 257810BA2C2EEA13001C7487 /* IOSApp.app */;
			productType = "com.apple.product-type.application";
		};
		257810C92C2EEA15001C7487 /* IOSAppTests */ = {
			isa = PBXNativeTarget;
			buildConfigurationList = 257810E12C2EEA15001C7487 /* Build configuration list for PBXNativeTarget "IOSAppTests" */;
			buildPhases = (
				257810C62C2EEA15001C7487 /* Sources */,
				257810C72C2EEA15001C7487 /* Frameworks */,
				257810C82C2EEA15001C7487 /* Resources */,
			);
			buildRules = (
			);
			dependencies = (
				257810CC2C2EEA15001C7487 /* PBXTargetDependency */,
			);
			name = IOSAppTests;
			productName = IOSAppTests;
			productReference = 257810CA2C2EEA15001C7487 /* IOSAppTests.xctest */;
			productType = "com.apple.product-type.bundle.unit-test";
		};
		257810D32C2EEA15001C7487 /* IOSAppUITests */ = {
			isa = PBXNativeTarget;
			buildConfigurationList = 257810E42C2EEA15001C7487 /* Build configuration list for PBXNativeTarget "IOSAppUITests" */;
			buildPhases = (
				257810D02C2EEA15001C7487 /* Sources */,
				257810D12C2EEA15001C7487 /* Frameworks */,
				257810D22C2EEA15001C7487 /* Resources */,
			);
			buildRules = (
			);
			dependencies = (
				257810D62C2EEA15001C7487 /* PBXTargetDependency */,
			);
			name = IOSAppUITests;
			productName = IOSAppUITests;
			productReference = 257810D42C2EEA15001C7487 /* IOSAppUITests.xctest */;
			productType = "com.apple.product-type.bundle.ui-testing";
		};
/* End PBXNativeTarget section */

/* Begin PBXProject section */
		257810B22C2EEA13001C7487 /* Project object */ = {
			isa = PBXProject;
			attributes = {
				BuildIndependentTargetsInParallel = 1;
				LastSwiftUpdateCheck = 1540;
				LastUpgradeCheck = 1540;
				TargetAttributes = {
					257810B92C2EEA13001C7487 = {
						CreatedOnToolsVersion = 15.4;
					};
					257810C92C2EEA15001C7487 = {
						CreatedOnToolsVersion = 15.4;
						TestTargetID = 257810B92C2EEA13001C7487;
					};
					257810D32C2EEA15001C7487 = {
						CreatedOnToolsVersion = 15.4;
						TestTargetID = 257810B92C2EEA13001C7487;
					};
				};
			};
			buildConfigurationList = 257810B52C2EEA13001C7487 /* Build configuration list for PBXProject "IOSApp" */;
			compatibilityVersion = "Xcode 14.0";
			developmentRegion = en;
			hasScannedForEncodings = 0;
			knownRegions = (
				en,
				Base,
			);
			mainGroup = 257810B12C2EEA13001C7487;
			packageReferences = (
				2512B2082C57D4450037ADD1 /* XCRemoteSwiftPackageReference "url-image" */,
			);
			productRefGroup = 257810BB2C2EEA13001C7487 /* Products */;
			projectDirPath = "";
			projectRoot = "";
			targets = (
				257810B92C2EEA13001C7487 /* IOSApp */,
				257810C92C2EEA15001C7487 /* IOSAppTests */,
				257810D32C2EEA15001C7487 /* IOSAppUITests */,
			);
		};
/* End PBXProject section */

/* Begin PBXResourcesBuildPhase section */
		257810B82C2EEA13001C7487 /* Resources */ = {
			isa = PBXResourcesBuildPhase;
			buildActionMask = 2147483647;
			files = (
				257810C52C2EEA15001C7487 /* Preview Assets.xcassets in Resources */,
				26F1FBCF2C63C1E800D4CF54 /* Config.plist in Resources */,
				257810C22C2EEA15001C7487 /* Assets.xcassets in Resources */,
			);
			runOnlyForDeploymentPostprocessing = 0;
		};
		257810C82C2EEA15001C7487 /* Resources */ = {
			isa = PBXResourcesBuildPhase;
			buildActionMask = 2147483647;
			files = (
			);
			runOnlyForDeploymentPostprocessing = 0;
		};
		257810D22C2EEA15001C7487 /* Resources */ = {
			isa = PBXResourcesBuildPhase;
			buildActionMask = 2147483647;
			files = (
			);
			runOnlyForDeploymentPostprocessing = 0;
		};
/* End PBXResourcesBuildPhase section */

/* Begin PBXSourcesBuildPhase section */
		257810B62C2EEA13001C7487 /* Sources */ = {
			isa = PBXSourcesBuildPhase;
			buildActionMask = 2147483647;
			files = (
				26F1FBC92C628F5500D4CF54 /* ArticleStorage.swift in Sources */,
				268936252C5FC61B00ADAB5F /* DateUtils.swift in Sources */,
				26F1FBE42C6961AD00D4CF54 /* MyPageView.swift in Sources */,
				2512B2022C559A200037ADD1 /* ResultState.swift in Sources */,
				251B5EE32C6F884200212B87 /* ArticleWebView.swift in Sources */,
				258BC6D72C664E660025C241 /* NewsEndpoint.swift in Sources */,
				25C5DAEC2C749E5C009B2029 /* HeadlineTabView.swift in Sources */,
				2508BB602C6A49CB0016A78E /* ColorScheme.swift in Sources */,
				2508BB5D2C6A25C00016A78E /* FilterCategory.swift in Sources */,
				2512B1FF2C5592D10037ADD1 /* NewsService.swift in Sources */,
				2512B1FC2C5591060037ADD1 /* APIError.swift in Sources */,
				2508BB5B2C6A22D30016A78E /* CategoryFilterView.swift in Sources */,
				25C5DAEA2C74761A009B2029 /* HeadlineArticleView.swift in Sources */,
				257810BE2C2EEA13001C7487 /* IOSAppApp.swift in Sources */,
				2512B1F32C55811B0037ADD1 /* HomeView.swift in Sources */,
				26F1FBE62C6961D200D4CF54 /* SettingsView.swift in Sources */,
				2512B20A2C57F1FE0037ADD1 /* ErrorView.swift in Sources */,
				2512B1F62C558C500037ADD1 /* NewsResponse.swift in Sources */,
				25C5DAE82C736518009B2029 /* ArticleListView.swift in Sources */,
				26F1FBE22C69619000D4CF54 /* SearchView.swift in Sources */,
				26F1FBE02C69612700D4CF54 /* ContentView.swift in Sources */,
				2512B2072C569BC60037ADD1 /* ArticleView.swift in Sources */,
				2512B2052C567CC00037ADD1 /* NewsViewModel.swift in Sources */,
			);
			runOnlyForDeploymentPostprocessing = 0;
		};
		257810C62C2EEA15001C7487 /* Sources */ = {
			isa = PBXSourcesBuildPhase;
			buildActionMask = 2147483647;
			files = (
				257810CF2C2EEA15001C7487 /* IOSAppTests.swift in Sources */,
			);
			runOnlyForDeploymentPostprocessing = 0;
		};
		257810D02C2EEA15001C7487 /* Sources */ = {
			isa = PBXSourcesBuildPhase;
			buildActionMask = 2147483647;
			files = (
				257810DB2C2EEA15001C7487 /* IOSAppUITestsLaunchTests.swift in Sources */,
				257810D92C2EEA15001C7487 /* IOSAppUITests.swift in Sources */,
			);
			runOnlyForDeploymentPostprocessing = 0;
		};
/* End PBXSourcesBuildPhase section */

/* Begin PBXTargetDependency section */
		257810CC2C2EEA15001C7487 /* PBXTargetDependency */ = {
			isa = PBXTargetDependency;
			target = 257810B92C2EEA13001C7487 /* IOSApp */;
			targetProxy = 257810CB2C2EEA15001C7487 /* PBXContainerItemProxy */;
		};
		257810D62C2EEA15001C7487 /* PBXTargetDependency */ = {
			isa = PBXTargetDependency;
			target = 257810B92C2EEA13001C7487 /* IOSApp */;
			targetProxy = 257810D52C2EEA15001C7487 /* PBXContainerItemProxy */;
		};
/* End PBXTargetDependency section */

/* Begin XCBuildConfiguration section */
		257810DC2C2EEA15001C7487 /* Debug */ = {
			isa = XCBuildConfiguration;
			buildSettings = {
				ALWAYS_SEARCH_USER_PATHS = NO;
				ASSETCATALOG_COMPILER_GENERATE_SWIFT_ASSET_SYMBOL_EXTENSIONS = YES;
				CLANG_ANALYZER_NONNULL = YES;
				CLANG_ANALYZER_NUMBER_OBJECT_CONVERSION = YES_AGGRESSIVE;
				CLANG_CXX_LANGUAGE_STANDARD = "gnu++20";
				CLANG_ENABLE_MODULES = YES;
				CLANG_ENABLE_OBJC_ARC = YES;
				CLANG_ENABLE_OBJC_WEAK = YES;
				CLANG_WARN_BLOCK_CAPTURE_AUTORELEASING = YES;
				CLANG_WARN_BOOL_CONVERSION = YES;
				CLANG_WARN_COMMA = YES;
				CLANG_WARN_CONSTANT_CONVERSION = YES;
				CLANG_WARN_DEPRECATED_OBJC_IMPLEMENTATIONS = YES;
				CLANG_WARN_DIRECT_OBJC_ISA_USAGE = YES_ERROR;
				CLANG_WARN_DOCUMENTATION_COMMENTS = YES;
				CLANG_WARN_EMPTY_BODY = YES;
				CLANG_WARN_ENUM_CONVERSION = YES;
				CLANG_WARN_INFINITE_RECURSION = YES;
				CLANG_WARN_INT_CONVERSION = YES;
				CLANG_WARN_NON_LITERAL_NULL_CONVERSION = YES;
				CLANG_WARN_OBJC_IMPLICIT_RETAIN_SELF = YES;
				CLANG_WARN_OBJC_LITERAL_CONVERSION = YES;
				CLANG_WARN_OBJC_ROOT_CLASS = YES_ERROR;
				CLANG_WARN_QUOTED_INCLUDE_IN_FRAMEWORK_HEADER = YES;
				CLANG_WARN_RANGE_LOOP_ANALYSIS = YES;
				CLANG_WARN_STRICT_PROTOTYPES = YES;
				CLANG_WARN_SUSPICIOUS_MOVE = YES;
				CLANG_WARN_UNGUARDED_AVAILABILITY = YES_AGGRESSIVE;
				CLANG_WARN_UNREACHABLE_CODE = YES;
				CLANG_WARN__DUPLICATE_METHOD_MATCH = YES;
				COPY_PHASE_STRIP = NO;
				DEBUG_INFORMATION_FORMAT = dwarf;
				ENABLE_STRICT_OBJC_MSGSEND = YES;
				ENABLE_TESTABILITY = YES;
				ENABLE_USER_SCRIPT_SANDBOXING = YES;
				GCC_C_LANGUAGE_STANDARD = gnu17;
				GCC_DYNAMIC_NO_PIC = NO;
				GCC_NO_COMMON_BLOCKS = YES;
				GCC_OPTIMIZATION_LEVEL = 0;
				GCC_PREPROCESSOR_DEFINITIONS = (
					"DEBUG=1",
					"$(inherited)",
				);
				GCC_WARN_64_TO_32_BIT_CONVERSION = YES;
				GCC_WARN_ABOUT_RETURN_TYPE = YES_ERROR;
				GCC_WARN_UNDECLARED_SELECTOR = YES;
				GCC_WARN_UNINITIALIZED_AUTOS = YES_AGGRESSIVE;
				GCC_WARN_UNUSED_FUNCTION = YES;
				GCC_WARN_UNUSED_VARIABLE = YES;
				IPHONEOS_DEPLOYMENT_TARGET = 17.5;
				LOCALIZATION_PREFERS_STRING_CATALOGS = YES;
				MTL_ENABLE_DEBUG_INFO = INCLUDE_SOURCE;
				MTL_FAST_MATH = YES;
				ONLY_ACTIVE_ARCH = YES;
				SDKROOT = iphoneos;
				SWIFT_ACTIVE_COMPILATION_CONDITIONS = "DEBUG $(inherited)";
				SWIFT_OPTIMIZATION_LEVEL = "-Onone";
			};
			name = Debug;
		};
		257810DD2C2EEA15001C7487 /* Release */ = {
			isa = XCBuildConfiguration;
			buildSettings = {
				ALWAYS_SEARCH_USER_PATHS = NO;
				ASSETCATALOG_COMPILER_GENERATE_SWIFT_ASSET_SYMBOL_EXTENSIONS = YES;
				CLANG_ANALYZER_NONNULL = YES;
				CLANG_ANALYZER_NUMBER_OBJECT_CONVERSION = YES_AGGRESSIVE;
				CLANG_CXX_LANGUAGE_STANDARD = "gnu++20";
				CLANG_ENABLE_MODULES = YES;
				CLANG_ENABLE_OBJC_ARC = YES;
				CLANG_ENABLE_OBJC_WEAK = YES;
				CLANG_WARN_BLOCK_CAPTURE_AUTORELEASING = YES;
				CLANG_WARN_BOOL_CONVERSION = YES;
				CLANG_WARN_COMMA = YES;
				CLANG_WARN_CONSTANT_CONVERSION = YES;
				CLANG_WARN_DEPRECATED_OBJC_IMPLEMENTATIONS = YES;
				CLANG_WARN_DIRECT_OBJC_ISA_USAGE = YES_ERROR;
				CLANG_WARN_DOCUMENTATION_COMMENTS = YES;
				CLANG_WARN_EMPTY_BODY = YES;
				CLANG_WARN_ENUM_CONVERSION = YES;
				CLANG_WARN_INFINITE_RECURSION = YES;
				CLANG_WARN_INT_CONVERSION = YES;
				CLANG_WARN_NON_LITERAL_NULL_CONVERSION = YES;
				CLANG_WARN_OBJC_IMPLICIT_RETAIN_SELF = YES;
				CLANG_WARN_OBJC_LITERAL_CONVERSION = YES;
				CLANG_WARN_OBJC_ROOT_CLASS = YES_ERROR;
				CLANG_WARN_QUOTED_INCLUDE_IN_FRAMEWORK_HEADER = YES;
				CLANG_WARN_RANGE_LOOP_ANALYSIS = YES;
				CLANG_WARN_STRICT_PROTOTYPES = YES;
				CLANG_WARN_SUSPICIOUS_MOVE = YES;
				CLANG_WARN_UNGUARDED_AVAILABILITY = YES_AGGRESSIVE;
				CLANG_WARN_UNREACHABLE_CODE = YES;
				CLANG_WARN__DUPLICATE_METHOD_MATCH = YES;
				COPY_PHASE_STRIP = NO;
				DEBUG_INFORMATION_FORMAT = "dwarf-with-dsym";
				ENABLE_NS_ASSERTIONS = NO;
				ENABLE_STRICT_OBJC_MSGSEND = YES;
				ENABLE_USER_SCRIPT_SANDBOXING = YES;
				GCC_C_LANGUAGE_STANDARD = gnu17;
				GCC_NO_COMMON_BLOCKS = YES;
				GCC_WARN_64_TO_32_BIT_CONVERSION = YES;
				GCC_WARN_ABOUT_RETURN_TYPE = YES_ERROR;
				GCC_WARN_UNDECLARED_SELECTOR = YES;
				GCC_WARN_UNINITIALIZED_AUTOS = YES_AGGRESSIVE;
				GCC_WARN_UNUSED_FUNCTION = YES;
				GCC_WARN_UNUSED_VARIABLE = YES;
				IPHONEOS_DEPLOYMENT_TARGET = 17.5;
				LOCALIZATION_PREFERS_STRING_CATALOGS = YES;
				MTL_ENABLE_DEBUG_INFO = NO;
				MTL_FAST_MATH = YES;
				SDKROOT = iphoneos;
				SWIFT_COMPILATION_MODE = wholemodule;
				VALIDATE_PRODUCT = YES;
			};
			name = Release;
		};
		257810DF2C2EEA15001C7487 /* Debug */ = {
			isa = XCBuildConfiguration;
			buildSettings = {
				ASSETCATALOG_COMPILER_APPICON_NAME = AppIcon;
				"ASSETCATALOG_COMPILER_APPICON_NAME[sdk=iphoneos*]" = AppIcon;
				ASSETCATALOG_COMPILER_GLOBAL_ACCENT_COLOR_NAME = AccentColor;
				ASSETCATALOG_COMPILER_INCLUDE_ALL_APPICON_ASSETS = YES;
				CODE_SIGN_STYLE = Automatic;
				CURRENT_PROJECT_VERSION = 1;
				DEVELOPMENT_ASSET_PATHS = "\"IOSApp/Preview Content\"";
				DEVELOPMENT_TEAM = 6K9FZ3XPMZ;
				ENABLE_PREVIEWS = YES;
				GENERATE_INFOPLIST_FILE = YES;
				INFOPLIST_KEY_UIApplicationSceneManifest_Generation = YES;
				INFOPLIST_KEY_UIApplicationSupportsIndirectInputEvents = YES;
				INFOPLIST_KEY_UILaunchScreen_Generation = YES;
				INFOPLIST_KEY_UISupportedInterfaceOrientations_iPad = "UIInterfaceOrientationPortrait UIInterfaceOrientationPortraitUpsideDown UIInterfaceOrientationLandscapeLeft UIInterfaceOrientationLandscapeRight";
				INFOPLIST_KEY_UISupportedInterfaceOrientations_iPhone = "UIInterfaceOrientationPortrait UIInterfaceOrientationLandscapeLeft UIInterfaceOrientationLandscapeRight";
				LD_RUNPATH_SEARCH_PATHS = (
					"$(inherited)",
					"@executable_path/Frameworks",
				);
				MARKETING_VERSION = 1.0;
				PRODUCT_BUNDLE_IDENTIFIER = PositivePulse.IOSApp;
				PRODUCT_NAME = "$(TARGET_NAME)";
				SWIFT_EMIT_LOC_STRINGS = YES;
				SWIFT_VERSION = 5.0;
				TARGETED_DEVICE_FAMILY = "1,2";
			};
			name = Debug;
		};
		257810E02C2EEA15001C7487 /* Release */ = {
			isa = XCBuildConfiguration;
			buildSettings = {
				ASSETCATALOG_COMPILER_APPICON_NAME = AppIcon;
				"ASSETCATALOG_COMPILER_APPICON_NAME[sdk=iphoneos*]" = AppIcon;
				ASSETCATALOG_COMPILER_GLOBAL_ACCENT_COLOR_NAME = AccentColor;
				ASSETCATALOG_COMPILER_INCLUDE_ALL_APPICON_ASSETS = YES;
				CODE_SIGN_STYLE = Automatic;
				CURRENT_PROJECT_VERSION = 1;
				DEVELOPMENT_ASSET_PATHS = "\"IOSApp/Preview Content\"";
				DEVELOPMENT_TEAM = 6K9FZ3XPMZ;
				ENABLE_PREVIEWS = YES;
				GENERATE_INFOPLIST_FILE = YES;
				INFOPLIST_KEY_UIApplicationSceneManifest_Generation = YES;
				INFOPLIST_KEY_UIApplicationSupportsIndirectInputEvents = YES;
				INFOPLIST_KEY_UILaunchScreen_Generation = YES;
				INFOPLIST_KEY_UISupportedInterfaceOrientations_iPad = "UIInterfaceOrientationPortrait UIInterfaceOrientationPortraitUpsideDown UIInterfaceOrientationLandscapeLeft UIInterfaceOrientationLandscapeRight";
				INFOPLIST_KEY_UISupportedInterfaceOrientations_iPhone = "UIInterfaceOrientationPortrait UIInterfaceOrientationLandscapeLeft UIInterfaceOrientationLandscapeRight";
				LD_RUNPATH_SEARCH_PATHS = (
					"$(inherited)",
					"@executable_path/Frameworks",
				);
				MARKETING_VERSION = 1.0;
				PRODUCT_BUNDLE_IDENTIFIER = PositivePulse.IOSApp;
				PRODUCT_NAME = "$(TARGET_NAME)";
				SWIFT_EMIT_LOC_STRINGS = YES;
				SWIFT_VERSION = 5.0;
				TARGETED_DEVICE_FAMILY = "1,2";
			};
			name = Release;
		};
		257810E22C2EEA15001C7487 /* Debug */ = {
			isa = XCBuildConfiguration;
			buildSettings = {
				ALWAYS_EMBED_SWIFT_STANDARD_LIBRARIES = YES;
				BUNDLE_LOADER = "$(TEST_HOST)";
				CODE_SIGN_STYLE = Automatic;
				CURRENT_PROJECT_VERSION = 1;
				DEVELOPMENT_TEAM = 6K9FZ3XPMZ;
				GENERATE_INFOPLIST_FILE = YES;
				IPHONEOS_DEPLOYMENT_TARGET = 17.5;
				MARKETING_VERSION = 1.0;
				PRODUCT_BUNDLE_IDENTIFIER = PositivePulse.IOSAppTests;
				PRODUCT_NAME = "$(TARGET_NAME)";
				SWIFT_EMIT_LOC_STRINGS = NO;
				SWIFT_VERSION = 5.0;
				TARGETED_DEVICE_FAMILY = "1,2";
				TEST_HOST = "$(BUILT_PRODUCTS_DIR)/IOSApp.app/$(BUNDLE_EXECUTABLE_FOLDER_PATH)/IOSApp";
			};
			name = Debug;
		};
		257810E32C2EEA15001C7487 /* Release */ = {
			isa = XCBuildConfiguration;
			buildSettings = {
				ALWAYS_EMBED_SWIFT_STANDARD_LIBRARIES = YES;
				BUNDLE_LOADER = "$(TEST_HOST)";
				CODE_SIGN_STYLE = Automatic;
				CURRENT_PROJECT_VERSION = 1;
				DEVELOPMENT_TEAM = 6K9FZ3XPMZ;
				GENERATE_INFOPLIST_FILE = YES;
				IPHONEOS_DEPLOYMENT_TARGET = 17.5;
				MARKETING_VERSION = 1.0;
				PRODUCT_BUNDLE_IDENTIFIER = PositivePulse.IOSAppTests;
				PRODUCT_NAME = "$(TARGET_NAME)";
				SWIFT_EMIT_LOC_STRINGS = NO;
				SWIFT_VERSION = 5.0;
				TARGETED_DEVICE_FAMILY = "1,2";
				TEST_HOST = "$(BUILT_PRODUCTS_DIR)/IOSApp.app/$(BUNDLE_EXECUTABLE_FOLDER_PATH)/IOSApp";
			};
			name = Release;
		};
		257810E52C2EEA15001C7487 /* Debug */ = {
			isa = XCBuildConfiguration;
			buildSettings = {
				ALWAYS_EMBED_SWIFT_STANDARD_LIBRARIES = YES;
				CODE_SIGN_STYLE = Automatic;
				CURRENT_PROJECT_VERSION = 1;
				DEVELOPMENT_TEAM = 6K9FZ3XPMZ;
				GENERATE_INFOPLIST_FILE = YES;
				MARKETING_VERSION = 1.0;
				PRODUCT_BUNDLE_IDENTIFIER = PositivePulse.IOSAppUITests;
				PRODUCT_NAME = "$(TARGET_NAME)";
				SWIFT_EMIT_LOC_STRINGS = NO;
				SWIFT_VERSION = 5.0;
				TARGETED_DEVICE_FAMILY = "1,2";
				TEST_TARGET_NAME = IOSApp;
			};
			name = Debug;
		};
		257810E62C2EEA15001C7487 /* Release */ = {
			isa = XCBuildConfiguration;
			buildSettings = {
				ALWAYS_EMBED_SWIFT_STANDARD_LIBRARIES = YES;
				CODE_SIGN_STYLE = Automatic;
				CURRENT_PROJECT_VERSION = 1;
				DEVELOPMENT_TEAM = 6K9FZ3XPMZ;
				GENERATE_INFOPLIST_FILE = YES;
				MARKETING_VERSION = 1.0;
				PRODUCT_BUNDLE_IDENTIFIER = PositivePulse.IOSAppUITests;
				PRODUCT_NAME = "$(TARGET_NAME)";
				SWIFT_EMIT_LOC_STRINGS = NO;
				SWIFT_VERSION = 5.0;
				TARGETED_DEVICE_FAMILY = "1,2";
				TEST_TARGET_NAME = IOSApp;
			};
			name = Release;
		};
/* End XCBuildConfiguration section */

/* Begin XCConfigurationList section */
		257810B52C2EEA13001C7487 /* Build configuration list for PBXProject "IOSApp" */ = {
			isa = XCConfigurationList;
			buildConfigurations = (
				257810DC2C2EEA15001C7487 /* Debug */,
				257810DD2C2EEA15001C7487 /* Release */,
			);
			defaultConfigurationIsVisible = 0;
			defaultConfigurationName = Release;
		};
		257810DE2C2EEA15001C7487 /* Build configuration list for PBXNativeTarget "IOSApp" */ = {
			isa = XCConfigurationList;
			buildConfigurations = (
				257810DF2C2EEA15001C7487 /* Debug */,
				257810E02C2EEA15001C7487 /* Release */,
			);
			defaultConfigurationIsVisible = 0;
			defaultConfigurationName = Release;
		};
		257810E12C2EEA15001C7487 /* Build configuration list for PBXNativeTarget "IOSAppTests" */ = {
			isa = XCConfigurationList;
			buildConfigurations = (
				257810E22C2EEA15001C7487 /* Debug */,
				257810E32C2EEA15001C7487 /* Release */,
			);
			defaultConfigurationIsVisible = 0;
			defaultConfigurationName = Release;
		};
		257810E42C2EEA15001C7487 /* Build configuration list for PBXNativeTarget "IOSAppUITests" */ = {
			isa = XCConfigurationList;
			buildConfigurations = (
				257810E52C2EEA15001C7487 /* Debug */,
				257810E62C2EEA15001C7487 /* Release */,
			);
			defaultConfigurationIsVisible = 0;
			defaultConfigurationName = Release;
		};
/* End XCConfigurationList section */

/* Begin XCRemoteSwiftPackageReference section */
		2512B2082C57D4450037ADD1 /* XCRemoteSwiftPackageReference "url-image" */ = {
			isa = XCRemoteSwiftPackageReference;
			repositoryURL = "https://github.com/dmytro-anokhin/url-image";
			requirement = {
				kind = upToNextMajorVersion;
				minimumVersion = 3.1.1;
			};
		};
/* End XCRemoteSwiftPackageReference section */

/* Begin XCSwiftPackageProductDependency section */
		26E9187F2C6A4E3F0010AC76 /* URLImage */ = {
			isa = XCSwiftPackageProductDependency;
			package = 2512B2082C57D4450037ADD1 /* XCRemoteSwiftPackageReference "url-image" */;
			productName = URLImage;
		};
		26E918812C6A4E3F0010AC76 /* URLImageStore */ = {
			isa = XCSwiftPackageProductDependency;
			package = 2512B2082C57D4450037ADD1 /* XCRemoteSwiftPackageReference "url-image" */;
			productName = URLImageStore;
		};
/* End XCSwiftPackageProductDependency section */
	};
	rootObject = 257810B22C2EEA13001C7487 /* Project object */;
}
